speakeasyVersion: 1.731.2
sources:
    Pipeshub API:
        sourceNamespace: pipes-hub-api
        sourceRevisionDigest: sha256:3d8707df1824b057cb0f1eff7063572cc453ad7f3f574288682719d681c5539e
        sourceBlobDigest: sha256:f5cb6bc97ef7fe64bc854269ed02473f64a5a9a8d7e259a2ecc53c24edaec8ed
        tags:
            - latest
targets:
    pipeshub:
        source: Pipeshub API
        sourceNamespace: pipes-hub-api
        sourceRevisionDigest: sha256:3d8707df1824b057cb0f1eff7063572cc453ad7f3f574288682719d681c5539e
        sourceBlobDigest: sha256:f5cb6bc97ef7fe64bc854269ed02473f64a5a9a8d7e259a2ecc53c24edaec8ed
        codeSamplesNamespace: pipeshub-oas-python-code-samples
        codeSamplesRevisionDigest: sha256:b8ff55bd2a6f868977365a40eb37bf989c0952b4592f801194ec3e014d082614
workflow:
    workflowVersion: 1.0.0
    speakeasyVersion: latest
    sources:
        Pipeshub API:
            inputs:
                - location: registry.speakeasyapi.dev/pipeshub/test/pipes-hub-api
            output: .speakeasy/pipeshub-open-api.yaml
    targets:
        pipeshub:
            target: python
            source: Pipeshub API
            publish:
                pypi:
                    token: $pypi_token
            codeSamples:
                registry:
                    location: registry.speakeasyapi.dev/pipeshub/test/pipeshub-oas-python-code-samples
                labelOverride:
                    fixedValue: Python (SDK)
                blocking: false
